
Microsoft Visual Studio Solution File, Format Version 11.00
# Visual Studio 2010
Project("{FAE04EC0-301F-11D3-BF4B-00C04F79EFBC}") = "Assembly-CSharp", "Assembly-CSharp.csproj", "{264ac212-82e9-4725-c59c-a805ec0205db}"
EndProject
Project("{FAE04EC0-301F-11D3-BF4B-00C04F79EFBC}") = "StylizedWaterForURP", "StylizedWaterForURP.csproj", "{162fc835-c8f1-604c-c1ad-a563bd11cf46}"
EndProject
Project("{FAE04EC0-301F-11D3-BF4B-00C04F79EFBC}") = "Assembly-CSharp-firstpass", "Assembly-CSharp-firstpass.csproj", "{77d771aa-bd07-7eaf-3a56-65b45aad10ab}"
EndProject
Project("{FAE04EC0-301F-11D3-BF4B-00C04F79EFBC}") = "StylizedWaterForURPEditor", "StylizedWaterForURPEditor.csproj", "{b4b1fdeb-1e54-ec13-9994-225ee9474053}"
EndProject
Project("{FAE04EC0-301F-11D3-BF4B-00C04F79EFBC}") = "Assembly-CSharp-Editor-firstpass", "Assembly-CSharp-Editor-firstpass.csproj", "{2b78e1a0-28b4-e01d-822f-1c73f2564705}"
EndProject
Project("{FAE04EC0-301F-11D3-BF4B-00C04F79EFBC}") = "Assembly-CSharp-Editor", "Assembly-CSharp-Editor.csproj", "{924543ca-e02f-e838-ca81-877815995c94}"
EndProject
Global
	GlobalSection(SolutionConfigurationPlatforms) = preSolution
		Debug|Any CPU = Debug|Any CPU
	EndGlobalSection
	GlobalSection(ProjectConfigurationPlatforms) = postSolution
		{264ac212-82e9-4725-c59c-a805ec0205db}.Debug|Any CPU.ActiveCfg = Debug|Any CPU
		{264ac212-82e9-4725-c59c-a805ec0205db}.Debug|Any CPU.Build.0 = Debug|Any CPU
		{162fc835-c8f1-604c-c1ad-a563bd11cf46}.Debug|Any CPU.ActiveCfg = Debug|Any CPU
		{162fc835-c8f1-604c-c1ad-a563bd11cf46}.Debug|Any CPU.Build.0 = Debug|Any CPU
		{77d771aa-bd07-7eaf-3a56-65b45aad10ab}.Debug|Any CPU.ActiveCfg = Debug|Any CPU
		{77d771aa-bd07-7eaf-3a56-65b45aad10ab}.Debug|Any CPU.Build.0 = Debug|Any CPU
		{b4b1fdeb-1e54-ec13-9994-225ee9474053}.Debug|Any CPU.ActiveCfg = Debug|Any CPU
		{b4b1fdeb-1e54-ec13-9994-225ee9474053}.Debug|Any CPU.Build.0 = Debug|Any CPU
		{2b78e1a0-28b4-e01d-822f-1c73f2564705}.Debug|Any CPU.ActiveCfg = Debug|Any CPU
		{2b78e1a0-28b4-e01d-822f-1c73f2564705}.Debug|Any CPU.Build.0 = Debug|Any CPU
		{924543ca-e02f-e838-ca81-877815995c94}.Debug|Any CPU.ActiveCfg = Debug|Any CPU
		{924543ca-e02f-e838-ca81-877815995c94}.Debug|Any CPU.Build.0 = Debug|Any CPU
	EndGlobalSection
	GlobalSection(SolutionProperties) = preSolution
		HideSolutionNode = FALSE
	EndGlobalSection
EndGlobal
